
Microsoft Visual Studio Solution File, Format Version 12.00
# Visual Studio Version 17
VisualStudioVersion = 17.11.35312.102
MinimumVisualStudioVersion = 10.0.40219.1
Project("{2150E333-8FDC-42A3-9474-1A3956D46DE8}") = "Task0", "Task0", "{BA8BDA4A-E970-43D9-B0D3-80635AF88FD4}"
EndProject
Project("{9A19103F-16F7-4668-BE54-9A1E7A4F7556}") = "Tyuiu.VaganovMA.Sprint5.Task0.V24", "Tyuiu.VaganovMA.Sprint5.Task0.V24\Tyuiu.VaganovMA.Sprint5.Task0.V24.csproj", "{FB165563-BF8D-4BEE-8B0E-70F81F821DA4}"
EndProject
Project("{9A19103F-16F7-4668-BE54-9A1E7A4F7556}") = "Tyuiu.VaganovMA.Sprint5.Task0.V24.Lib", "Tyuiu.VaganovMA.Sprint5.Task0.V24.Lib\Tyuiu.VaganovMA.Sprint5.Task0.V24.Lib.csproj", "{273D6EB1-B488-4C95-B35D-C66606AE3B2E}"
EndProject
Project("{9A19103F-16F7-4668-BE54-9A1E7A4F7556}") = "Tyuiu.VaganovMA.Sprint5.Task0.V24.Test", "Tyuiu.VaganovMA.Sprint5.Task0.V24.Test\Tyuiu.VaganovMA.Sprint5.Task0.V24.Test.csproj", "{32D21CE1-E323-485D-9F2F-5DB08FEE41DD}"
EndProject
Project("{2150E333-8FDC-42A3-9474-1A3956D46DE8}") = "Task1", "Task1", "{7CA62D93-DACF-43A5-9F42-DE4748485418}"
EndProject
Project("{FAE04EC0-301F-11D3-BF4B-00C04F79EFBC}") = "Tyuiu.VaganovMA.Sprint5.Task1.V9", "Tyuiu.VaganovMA.Sprint5.Task1.V9\Tyuiu.VaganovMA.Sprint5.Task1.V9.csproj", "{AB1C84B4-BAD2-400E-9B59-E71DC48E8044}"
EndProject
Project("{FAE04EC0-301F-11D3-BF4B-00C04F79EFBC}") = "Tyuiu.VaganovMA.Sprint5.Task1.V9.Lib", "Tyuiu.VaganovMA.Sprint5.Task1.V9.Lib\Tyuiu.VaganovMA.Sprint5.Task1.V9.Lib.csproj", "{14BA7A00-5688-4CF5-ADE6-5164FFAD89BB}"
EndProject
Project("{FAE04EC0-301F-11D3-BF4B-00C04F79EFBC}") = "Tyuiu.VaganovMA.Sprint5.Task1.V9.Test", "Tyuiu.VaganovMA.Sprint5.Task1.V9.Test\Tyuiu.VaganovMA.Sprint5.Task1.V9.Test.csproj", "{D0244433-6B8F-4E89-BAFB-C4CE1B529988}"
EndProject
Project("{2150E333-8FDC-42A3-9474-1A3956D46DE8}") = "Task2", "Task2", "{2E1AD8B2-392C-4A82-BEAF-9A9FDAEC0B97}"
EndProject
Project("{FAE04EC0-301F-11D3-BF4B-00C04F79EFBC}") = "Tyuiu.VaganovMA.Sprint5.Task2.V25", "Tyuiu.VaganovMA.Sprint5.Task2.V25\Tyuiu.VaganovMA.Sprint5.Task2.V25.csproj", "{7B29C612-BBD7-4F0B-AFA1-9ED8DA07CF55}"
EndProject
Project("{FAE04EC0-301F-11D3-BF4B-00C04F79EFBC}") = "Tyuiu.VaganovMA.Sprint5.Task2.V25.Lib", "Tyuiu.VaganovMA.Sprint5.Task2.V25.Lib\Tyuiu.VaganovMA.Sprint5.Task2.V25.Lib.csproj", "{A59D98E2-CFE6-4432-B7D9-E5F130C2A9C2}"
EndProject
Project("{FAE04EC0-301F-11D3-BF4B-00C04F79EFBC}") = "Tyuiu.VaganovMA.Sprint5.Task2.V25.Test", "Tyuiu.VaganovMA.Sprint5.Task2.V25.Test\Tyuiu.VaganovMA.Sprint5.Task2.V25.Test.csproj", "{07EEAF4E-F83C-4B14-A001-53D99D9199B4}"
EndProject
Project("{2150E333-8FDC-42A3-9474-1A3956D46DE8}") = "Task3", "Task3", "{CD753CE5-E130-4CBF-A17A-22B71699EB30}"
EndProject
Project("{FAE04EC0-301F-11D3-BF4B-00C04F79EFBC}") = "Tyuiu.VaganovMA.Sprint5.Task3.V11", "Tyuiu.VaganovMA.Sprint5.Task3.V11\Tyuiu.VaganovMA.Sprint5.Task3.V11.csproj", "{57CBF140-1F89-4C9D-A7A7-A246D4A12D4D}"
EndProject
Project("{FAE04EC0-301F-11D3-BF4B-00C04F79EFBC}") = "Tyuiu.VaganovMA.Sprint5.Task3.V11.Lib", "Tyuiu.VaganovMA.Sprint5.Task3.V11.Lib\Tyuiu.VaganovMA.Sprint5.Task3.V11.Lib.csproj", "{D04D715F-7705-44E1-9158-30B83D7ECF82}"
EndProject
Project("{FAE04EC0-301F-11D3-BF4B-00C04F79EFBC}") = "Tyuiu.VaganovMA.Sprint5.Task3.V11.Test", "Tyuiu.VaganovMA.Sprint5.Task3.V11.Test\Tyuiu.VaganovMA.Sprint5.Task3.V11.Test.csproj", "{806CC2DC-E489-4CB8-9517-B958951E2ACA}"
EndProject
Project("{2150E333-8FDC-42A3-9474-1A3956D46DE8}") = "Task4", "Task4", "{F80A0BDF-E75F-4F6A-9E43-A250748595D7}"
EndProject
Project("{FAE04EC0-301F-11D3-BF4B-00C04F79EFBC}") = "Tyuiu.VaganovMA.Sprint5.Task4.V2", "Tyuiu.VaganovMA.Sprint5.Task4.V2\Tyuiu.VaganovMA.Sprint5.Task4.V2.csproj", "{778549EC-A7A2-4B04-A0BA-5DAFB210470E}"
EndProject
Project("{FAE04EC0-301F-11D3-BF4B-00C04F79EFBC}") = "Tyuiu.VaganovMA.Sprint5.Task4.V2.Lib", "Tyuiu.VaganovMA.Sprint5.Task4.V2.Lib\Tyuiu.VaganovMA.Sprint5.Task4.V2.Lib.csproj", "{321BD9F3-F4BD-44BE-91A2-4C76472022CC}"
EndProject
Project("{FAE04EC0-301F-11D3-BF4B-00C04F79EFBC}") = "Tyuiu.VaganovMA.Sprint5.Task4.V2.Test", "Tyuiu.VaganovMA.Sprint5.Task4.V2.Test\Tyuiu.VaganovMA.Sprint5.Task4.V2.Test.csproj", "{757C97D1-3384-434A-B918-AC858B3AB2F2}"
EndProject
Project("{2150E333-8FDC-42A3-9474-1A3956D46DE8}") = "Task5", "Task5", "{B29EF910-0D01-4647-A112-1689DF9530C5}"
EndProject
Project("{FAE04EC0-301F-11D3-BF4B-00C04F79EFBC}") = "Tyuiu.VaganovMA.Sprint5.Task5.V6", "Tyuiu.VaganovMA.Sprint5.Task5.V6\Tyuiu.VaganovMA.Sprint5.Task5.V6.csproj", "{E228A0DE-DC20-4E48-AFCF-92D61A3818DD}"
EndProject
Project("{FAE04EC0-301F-11D3-BF4B-00C04F79EFBC}") = "Tyuiu.VaganovMA.Sprint5.Task5.V6.Lib", "Tyuiu.VaganovMA.Sprint5.Task5.V6.Lib\Tyuiu.VaganovMA.Sprint5.Task5.V6.Lib.csproj", "{95F0ECC4-7357-4645-A5AB-0688BEAEFB9C}"
EndProject
Project("{FAE04EC0-301F-11D3-BF4B-00C04F79EFBC}") = "Tyuiu.VaganovMA.Sprint5.Task5.V6.Test", "Tyuiu.VaganovMA.Sprint5.Task5.V6.Test\Tyuiu.VaganovMA.Sprint5.Task5.V6.Test.csproj", "{1DB5EBAE-1984-40F3-B183-C6CE93A92BD9}"
EndProject
Global
	GlobalSection(SolutionConfigurationPlatforms) = preSolution
		Debug|Any CPU = Debug|Any CPU
		Release|Any CPU = Release|Any CPU
	EndGlobalSection
	GlobalSection(ProjectConfigurationPlatforms) = postSolution
		{FB165563-BF8D-4BEE-8B0E-70F81F821DA4}.Debug|Any CPU.ActiveCfg = Debug|Any CPU
		{FB165563-BF8D-4BEE-8B0E-70F81F821DA4}.Debug|Any CPU.Build.0 = Debug|Any CPU
		{FB165563-BF8D-4BEE-8B0E-70F81F821DA4}.Release|Any CPU.ActiveCfg = Release|Any CPU
		{FB165563-BF8D-4BEE-8B0E-70F81F821DA4}.Release|Any CPU.Build.0 = Release|Any CPU
		{273D6EB1-B488-4C95-B35D-C66606AE3B2E}.Debug|Any CPU.ActiveCfg = Debug|Any CPU
		{273D6EB1-B488-4C95-B35D-C66606AE3B2E}.Debug|Any CPU.Build.0 = Debug|Any CPU
		{273D6EB1-B488-4C95-B35D-C66606AE3B2E}.Release|Any CPU.ActiveCfg = Release|Any CPU
		{273D6EB1-B488-4C95-B35D-C66606AE3B2E}.Release|Any CPU.Build.0 = Release|Any CPU
		{32D21CE1-E323-485D-9F2F-5DB08FEE41DD}.Debug|Any CPU.ActiveCfg = Debug|Any CPU
		{32D21CE1-E323-485D-9F2F-5DB08FEE41DD}.Debug|Any CPU.Build.0 = Debug|Any CPU
		{32D21CE1-E323-485D-9F2F-5DB08FEE41DD}.Release|Any CPU.ActiveCfg = Release|Any CPU
		{32D21CE1-E323-485D-9F2F-5DB08FEE41DD}.Release|Any CPU.Build.0 = Release|Any CPU
		{AB1C84B4-BAD2-400E-9B59-E71DC48E8044}.Debug|Any CPU.ActiveCfg = Debug|Any CPU
		{AB1C84B4-BAD2-400E-9B59-E71DC48E8044}.Debug|Any CPU.Build.0 = Debug|Any CPU
		{AB1C84B4-BAD2-400E-9B59-E71DC48E8044}.Release|Any CPU.ActiveCfg = Release|Any CPU
		{AB1C84B4-BAD2-400E-9B59-E71DC48E8044}.Release|Any CPU.Build.0 = Release|Any CPU
		{14BA7A00-5688-4CF5-ADE6-5164FFAD89BB}.Debug|Any CPU.ActiveCfg = Debug|Any CPU
		{14BA7A00-5688-4CF5-ADE6-5164FFAD89BB}.Debug|Any CPU.Build.0 = Debug|Any CPU
		{14BA7A00-5688-4CF5-ADE6-5164FFAD89BB}.Release|Any CPU.ActiveCfg = Release|Any CPU
		{14BA7A00-5688-4CF5-ADE6-5164FFAD89BB}.Release|Any CPU.Build.0 = Release|Any CPU
		{D0244433-6B8F-4E89-BAFB-C4CE1B529988}.Debug|Any CPU.ActiveCfg = Debug|Any CPU
		{D0244433-6B8F-4E89-BAFB-C4CE1B529988}.Debug|Any CPU.Build.0 = Debug|Any CPU
		{D0244433-6B8F-4E89-BAFB-C4CE1B529988}.Release|Any CPU.ActiveCfg = Release|Any CPU
		{D0244433-6B8F-4E89-BAFB-C4CE1B529988}.Release|Any CPU.Build.0 = Release|Any CPU
		{7B29C612-BBD7-4F0B-AFA1-9ED8DA07CF55}.Debug|Any CPU.ActiveCfg = Debug|Any CPU
		{7B29C612-BBD7-4F0B-AFA1-9ED8DA07CF55}.Debug|Any CPU.Build.0 = Debug|Any CPU
		{7B29C612-BBD7-4F0B-AFA1-9ED8DA07CF55}.Release|Any CPU.ActiveCfg = Release|Any CPU
		{7B29C612-BBD7-4F0B-AFA1-9ED8DA07CF55}.Release|Any CPU.Build.0 = Release|Any CPU
		{A59D98E2-CFE6-4432-B7D9-E5F130C2A9C2}.Debug|Any CPU.ActiveCfg = Debug|Any CPU
		{A59D98E2-CFE6-4432-B7D9-E5F130C2A9C2}.Debug|Any CPU.Build.0 = Debug|Any CPU
		{A59D98E2-CFE6-4432-B7D9-E5F130C2A9C2}.Release|Any CPU.ActiveCfg = Release|Any CPU
		{A59D98E2-CFE6-4432-B7D9-E5F130C2A9C2}.Release|Any CPU.Build.0 = Release|Any CPU
		{07EEAF4E-F83C-4B14-A001-53D99D9199B4}.Debug|Any CPU.ActiveCfg = Debug|Any CPU
		{07EEAF4E-F83C-4B14-A001-53D99D9199B4}.Debug|Any CPU.Build.0 = Debug|Any CPU
		{07EEAF4E-F83C-4B14-A001-53D99D9199B4}.Release|Any CPU.ActiveCfg = Release|Any CPU
		{07EEAF4E-F83C-4B14-A001-53D99D9199B4}.Release|Any CPU.Build.0 = Release|Any CPU
		{57CBF140-1F89-4C9D-A7A7-A246D4A12D4D}.Debug|Any CPU.ActiveCfg = Debug|Any CPU
		{57CBF140-1F89-4C9D-A7A7-A246D4A12D4D}.Debug|Any CPU.Build.0 = Debug|Any CPU
		{57CBF140-1F89-4C9D-A7A7-A246D4A12D4D}.Release|Any CPU.ActiveCfg = Release|Any CPU
		{57CBF140-1F89-4C9D-A7A7-A246D4A12D4D}.Release|Any CPU.Build.0 = Release|Any CPU
		{D04D715F-7705-44E1-9158-30B83D7ECF82}.Debug|Any CPU.ActiveCfg = Debug|Any CPU
		{D04D715F-7705-44E1-9158-30B83D7ECF82}.Debug|Any CPU.Build.0 = Debug|Any CPU
		{D04D715F-7705-44E1-9158-30B83D7ECF82}.Release|Any CPU.ActiveCfg = Release|Any CPU
		{D04D715F-7705-44E1-9158-30B83D7ECF82}.Release|Any CPU.Build.0 = Release|Any CPU
		{806CC2DC-E489-4CB8-9517-B958951E2ACA}.Debug|Any CPU.ActiveCfg = Debug|Any CPU
		{806CC2DC-E489-4CB8-9517-B958951E2ACA}.Debug|Any CPU.Build.0 = Debug|Any CPU
		{806CC2DC-E489-4CB8-9517-B958951E2ACA}.Release|Any CPU.ActiveCfg = Release|Any CPU
		{806CC2DC-E489-4CB8-9517-B958951E2ACA}.Release|Any CPU.Build.0 = Release|Any CPU
		{778549EC-A7A2-4B04-A0BA-5DAFB210470E}.Debug|Any CPU.ActiveCfg = Debug|Any CPU
		{778549EC-A7A2-4B04-A0BA-5DAFB210470E}.Debug|Any CPU.Build.0 = Debug|Any CPU
		{778549EC-A7A2-4B04-A0BA-5DAFB210470E}.Release|Any CPU.ActiveCfg = Release|Any CPU
		{778549EC-A7A2-4B04-A0BA-5DAFB210470E}.Release|Any CPU.Build.0 = Release|Any CPU
		{321BD9F3-F4BD-44BE-91A2-4C76472022CC}.Debug|Any CPU.ActiveCfg = Debug|Any CPU
		{321BD9F3-F4BD-44BE-91A2-4C76472022CC}.Debug|Any CPU.Build.0 = Debug|Any CPU
		{321BD9F3-F4BD-44BE-91A2-4C76472022CC}.Release|Any CPU.ActiveCfg = Release|Any CPU
		{321BD9F3-F4BD-44BE-91A2-4C76472022CC}.Release|Any CPU.Build.0 = Release|Any CPU
		{757C97D1-3384-434A-B918-AC858B3AB2F2}.Debug|Any CPU.ActiveCfg = Debug|Any CPU
		{757C97D1-3384-434A-B918-AC858B3AB2F2}.Debug|Any CPU.Build.0 = Debug|Any CPU
		{757C97D1-3384-434A-B918-AC858B3AB2F2}.Release|Any CPU.ActiveCfg = Release|Any CPU
		{757C97D1-3384-434A-B918-AC858B3AB2F2}.Release|Any CPU.Build.0 = Release|Any CPU
		{E228A0DE-DC20-4E48-AFCF-92D61A3818DD}.Debug|Any CPU.ActiveCfg = Debug|Any CPU
		{E228A0DE-DC20-4E48-AFCF-92D61A3818DD}.Debug|Any CPU.Build.0 = Debug|Any CPU
		{E228A0DE-DC20-4E48-AFCF-92D61A3818DD}.Release|Any CPU.ActiveCfg = Release|Any CPU
		{E228A0DE-DC20-4E48-AFCF-92D61A3818DD}.Release|Any CPU.Build.0 = Release|Any CPU
		{95F0ECC4-7357-4645-A5AB-0688BEAEFB9C}.Debug|Any CPU.ActiveCfg = Debug|Any CPU
		{95F0ECC4-7357-4645-A5AB-0688BEAEFB9C}.Debug|Any CPU.Build.0 = Debug|Any CPU
		{95F0ECC4-7357-4645-A5AB-0688BEAEFB9C}.Release|Any CPU.ActiveCfg = Release|Any CPU
		{95F0ECC4-7357-4645-A5AB-0688BEAEFB9C}.Release|Any CPU.Build.0 = Release|Any CPU
		{1DB5EBAE-1984-40F3-B183-C6CE93A92BD9}.Debug|Any CPU.ActiveCfg = Debug|Any CPU
		{1DB5EBAE-1984-40F3-B183-C6CE93A92BD9}.Debug|Any CPU.Build.0 = Debug|Any CPU
		{1DB5EBAE-1984-40F3-B183-C6CE93A92BD9}.Release|Any CPU.ActiveCfg = Release|Any CPU
		{1DB5EBAE-1984-40F3-B183-C6CE93A92BD9}.Release|Any CPU.Build.0 = Release|Any CPU
	EndGlobalSection
	GlobalSection(SolutionProperties) = preSolution
		HideSolutionNode = FALSE
	EndGlobalSection
	GlobalSection(NestedProjects) = preSolution
		{FB165563-BF8D-4BEE-8B0E-70F81F821DA4} = {BA8BDA4A-E970-43D9-B0D3-80635AF88FD4}
		{273D6EB1-B488-4C95-B35D-C66606AE3B2E} = {BA8BDA4A-E970-43D9-B0D3-80635AF88FD4}
		{32D21CE1-E323-485D-9F2F-5DB08FEE41DD} = {BA8BDA4A-E970-43D9-B0D3-80635AF88FD4}
		{AB1C84B4-BAD2-400E-9B59-E71DC48E8044} = {7CA62D93-DACF-43A5-9F42-DE4748485418}
		{14BA7A00-5688-4CF5-ADE6-5164FFAD89BB} = {7CA62D93-DACF-43A5-9F42-DE4748485418}
		{D0244433-6B8F-4E89-BAFB-C4CE1B529988} = {7CA62D93-DACF-43A5-9F42-DE4748485418}
		{7B29C612-BBD7-4F0B-AFA1-9ED8DA07CF55} = {2E1AD8B2-392C-4A82-BEAF-9A9FDAEC0B97}
		{A59D98E2-CFE6-4432-B7D9-E5F130C2A9C2} = {2E1AD8B2-392C-4A82-BEAF-9A9FDAEC0B97}
		{07EEAF4E-F83C-4B14-A001-53D99D9199B4} = {2E1AD8B2-392C-4A82-BEAF-9A9FDAEC0B97}
		{57CBF140-1F89-4C9D-A7A7-A246D4A12D4D} = {CD753CE5-E130-4CBF-A17A-22B71699EB30}
		{D04D715F-7705-44E1-9158-30B83D7ECF82} = {CD753CE5-E130-4CBF-A17A-22B71699EB30}
		{806CC2DC-E489-4CB8-9517-B958951E2ACA} = {CD753CE5-E130-4CBF-A17A-22B71699EB30}
		{778549EC-A7A2-4B04-A0BA-5DAFB210470E} = {F80A0BDF-E75F-4F6A-9E43-A250748595D7}
		{321BD9F3-F4BD-44BE-91A2-4C76472022CC} = {F80A0BDF-E75F-4F6A-9E43-A250748595D7}
		{757C97D1-3384-434A-B918-AC858B3AB2F2} = {F80A0BDF-E75F-4F6A-9E43-A250748595D7}
		{E228A0DE-DC20-4E48-AFCF-92D61A3818DD} = {B29EF910-0D01-4647-A112-1689DF9530C5}
		{95F0ECC4-7357-4645-A5AB-0688BEAEFB9C} = {B29EF910-0D01-4647-A112-1689DF9530C5}
		{1DB5EBAE-1984-40F3-B183-C6CE93A92BD9} = {B29EF910-0D01-4647-A112-1689DF9530C5}
	EndGlobalSection
	GlobalSection(ExtensibilityGlobals) = postSolution
		SolutionGuid = {E01EEE6C-F1D4-4444-9BD1-0900DD508F88}
	EndGlobalSection
EndGlobal
